// !$*UTF8*$!
{
	archiveVersion = 1;
	classes = {
	};
	objectVersion = 46;
	objects = {

/* Begin PBXBuildFile section */
		E71D840320C8E35F00BBBD65 /* SideMenuViewController.swift in Sources */ = {isa = PBXBuildFile; fileRef = E71D840220C8E35F00BBBD65 /* SideMenuViewController.swift */; };
		E71D840820C8EE9E00BBBD65 /* Dogs.xcassets in Resources */ = {isa = PBXBuildFile; fileRef = E71D840520C8EE9E00BBBD65 /* Dogs.xcassets */; };
		E71D840920C8EE9E00BBBD65 /* Cats.xcassets in Resources */ = {isa = PBXBuildFile; fileRef = E71D840620C8EE9E00BBBD65 /* Cats.xcassets */; };
		E71D840A20C8EE9E00BBBD65 /* Images.xcassets in Resources */ = {isa = PBXBuildFile; fileRef = E71D840720C8EE9E00BBBD65 /* Images.xcassets */; };
		E71D840D20C8EFF600BBBD65 /* Extension.swift in Sources */ = {isa = PBXBuildFile; fileRef = E71D840C20C8EFF600BBBD65 /* Extension.swift */; };
		E734924120BE88AE003CA5FA /* SideMenuItemTableViewCell.swift in Sources */ = {isa = PBXBuildFile; fileRef = E734924020BE88AE003CA5FA /* SideMenuItemTableViewCell.swift */; };
		E734924420BE8AA8003CA5FA /* Value.swift in Sources */ = {isa = PBXBuildFile; fileRef = E734924320BE8AA8003CA5FA /* Value.swift */; };
		E734924620BEB3A1003CA5FA /* SideMenuItemTableViewCell.xib in Resources */ = {isa = PBXBuildFile; fileRef = E734924520BEB3A1003CA5FA /* SideMenuItemTableViewCell.xib */; };
		E759966D20BE7E700095F218 /* AppDelegate.swift in Sources */ = {isa = PBXBuildFile; fileRef = E759966C20BE7E700095F218 /* AppDelegate.swift */; };
		E759966F20BE7E700095F218 /* ViewController.swift in Sources */ = {isa = PBXBuildFile; fileRef = E759966E20BE7E700095F218 /* ViewController.swift */; };
		E759967220BE7E700095F218 /* Main.storyboard in Resources */ = {isa = PBXBuildFile; fileRef = E759967020BE7E700095F218 /* Main.storyboard */; };
		E759967720BE7E700095F218 /* LaunchScreen.storyboard in Resources */ = {isa = PBXBuildFile; fileRef = E759967520BE7E700095F218 /* LaunchScreen.storyboard */; };
		E759968020BE81FA0095F218 /* SideMenuView.swift in Sources */ = {isa = PBXBuildFile; fileRef = E759967F20BE81FA0095F218 /* SideMenuView.swift */; };
/* End PBXBuildFile section */

/* Begin PBXFileReference section */
		E71D840220C8E35F00BBBD65 /* SideMenuViewController.swift */ = {isa = PBXFileReference; lastKnownFileType = sourcecode.swift; path = SideMenuViewController.swift; sourceTree = "<group>"; };
		E71D840520C8EE9E00BBBD65 /* Dogs.xcassets */ = {isa = PBXFileReference; lastKnownFileType = folder.assetcatalog; path = Dogs.xcassets; sourceTree = "<group>"; };
		E71D840620C8EE9E00BBBD65 /* Cats.xcassets */ = {isa = PBXFileReference; lastKnownFileType = folder.assetcatalog; path = Cats.xcassets; sourceTree = "<group>"; };
		E71D840720C8EE9E00BBBD65 /* Images.xcassets */ = {isa = PBXFileReference; lastKnownFileType = folder.assetcatalog; path = Images.xcassets; sourceTree = "<group>"; };
		E71D840C20C8EFF600BBBD65 /* Extension.swift */ = {isa = PBXFileReference; lastKnownFileType = sourcecode.swift; path = Extension.swift; sourceTree = "<group>"; };
		E734924020BE88AE003CA5FA /* SideMenuItemTableViewCell.swift */ = {isa = PBXFileReference; fileEncoding = 4; lastKnownFileType = sourcecode.swift; name = SideMenuItemTableViewCell.swift; path = CustomView/SideMenuItemTableViewCell.swift; sourceTree = "<group>"; };
		E734924320BE8AA8003CA5FA /* Value.swift */ = {isa = PBXFileReference; fileEncoding = 4; lastKnownFileType = sourcecode.swift; name = Value.swift; path = Define/Value.swift; sourceTree = "<group>"; };
		E734924520BEB3A1003CA5FA /* SideMenuItemTableViewCell.xib */ = {isa = PBXFileReference; fileEncoding = 4; lastKnownFileType = file.xib; name = SideMenuItemTableViewCell.xib; path = CustomView/SideMenuItemTableViewCell.xib; sourceTree = "<group>"; };
		E759966920BE7E700095F218 /* SideMenuCustom.app */ = {isa = PBXFileReference; explicitFileType = wrapper.application; includeInIndex = 0; path = SideMenuCustom.app; sourceTree = BUILT_PRODUCTS_DIR; };
		E759966C20BE7E700095F218 /* AppDelegate.swift */ = {isa = PBXFileReference; lastKnownFileType = sourcecode.swift; path = AppDelegate.swift; sourceTree = "<group>"; };
		E759966E20BE7E700095F218 /* ViewController.swift */ = {isa = PBXFileReference; lastKnownFileType = sourcecode.swift; path = ViewController.swift; sourceTree = "<group>"; };
		E759967120BE7E700095F218 /* Base */ = {isa = PBXFileReference; lastKnownFileType = file.storyboard; name = Base; path = Base.lproj/Main.storyboard; sourceTree = "<group>"; };
		E759967620BE7E700095F218 /* Base */ = {isa = PBXFileReference; lastKnownFileType = file.storyboard; name = Base; path = Base.lproj/LaunchScreen.storyboard; sourceTree = "<group>"; };
		E759967820BE7E700095F218 /* Info.plist */ = {isa = PBXFileReference; lastKnownFileType = text.plist.xml; path = Info.plist; sourceTree = "<group>"; };
		E759967F20BE81FA0095F218 /* SideMenuView.swift */ = {isa = PBXFileReference; fileEncoding = 4; lastKnownFileType = sourcecode.swift; name = SideMenuView.swift; path = CustomView/SideMenuView.swift; sourceTree = "<group>"; };
/* End PBXFileReference section */

/* Begin PBXFrameworksBuildPhase section */
		E759966620BE7E700095F218 /* Frameworks */ = {
			isa = PBXFrameworksBuildPhase;
			buildActionMask = 2147483647;
			files = (
			);
			runOnlyForDeploymentPostprocessing = 0;
		};
/* End PBXFrameworksBuildPhase section */

/* Begin PBXGroup section */
		E71D840120C8E32B00BBBD65 /* ViewController */ = {
			isa = PBXGroup;
			children = (
				E759966E20BE7E700095F218 /* ViewController.swift */,
				E71D840220C8E35F00BBBD65 /* SideMenuViewController.swift */,
			);
			path = ViewController;
			sourceTree = "<group>";
		};
		E71D840420C8EE9E00BBBD65 /* Assets */ = {
			isa = PBXGroup;
			children = (
				E71D840520C8EE9E00BBBD65 /* Dogs.xcassets */,
				E71D840620C8EE9E00BBBD65 /* Cats.xcassets */,
				E71D840720C8EE9E00BBBD65 /* Images.xcassets */,
			);
			path = Assets;
			sourceTree = "<group>";
		};
		E71D840B20C8EFD500BBBD65 /* Util */ = {
			isa = PBXGroup;
			children = (
				E71D840C20C8EFF600BBBD65 /* Extension.swift */,
			);
			path = Util;
			sourceTree = "<group>";
		};
		E734924220BE8A6D003CA5FA /* Define */ = {
			isa = PBXGroup;
			children = (
				E734924320BE8AA8003CA5FA /* Value.swift */,
			);
			name = Define;
			sourceTree = "<group>";
		};
		E759966020BE7E700095F218 = {
			isa = PBXGroup;
			children = (
				E759966B20BE7E700095F218 /* SideMenuCustom */,
				E759966A20BE7E700095F218 /* Products */,
			);
			sourceTree = "<group>";
		};
		E759966A20BE7E700095F218 /* Products */ = {
			isa = PBXGroup;
			children = (
				E759966920BE7E700095F218 /* SideMenuCustom.app */,
			);
			name = Products;
			sourceTree = "<group>";
		};
		E759966B20BE7E700095F218 /* SideMenuCustom */ = {
			isa = PBXGroup;
			children = (
				E71D840B20C8EFD500BBBD65 /* Util */,
				E71D840420C8EE9E00BBBD65 /* Assets */,
				E71D840120C8E32B00BBBD65 /* ViewController */,
				E734924220BE8A6D003CA5FA /* Define */,
				E759967E20BE81D30095F218 /* CustomView */,
				E759966C20BE7E700095F218 /* AppDelegate.swift */,
				E759967020BE7E700095F218 /* Main.storyboard */,
				E759967520BE7E700095F218 /* LaunchScreen.storyboard */,
				E759967820BE7E700095F218 /* Info.plist */,
			);
			path = SideMenuCustom;
			sourceTree = "<group>";
		};
		E759967E20BE81D30095F218 /* CustomView */ = {
			isa = PBXGroup;
			children = (
				E759967F20BE81FA0095F218 /* SideMenuView.swift */,
				E734924020BE88AE003CA5FA /* SideMenuItemTableViewCell.swift */,
				E734924520BEB3A1003CA5FA /* SideMenuItemTableViewCell.xib */,
			);
			name = CustomView;
			sourceTree = "<group>";
		};
/* End PBXGroup section */

/* Begin PBXNativeTarget section */
		E759966820BE7E700095F218 /* SideMenuCustom */ = {
			isa = PBXNativeTarget;
			buildConfigurationList = E759967B20BE7E700095F218 /* Build configuration list for PBXNativeTarget "SideMenuCustom" */;
			buildPhases = (
				E759966520BE7E700095F218 /* Sources */,
				E759966620BE7E700095F218 /* Frameworks */,
				E759966720BE7E700095F218 /* Resources */,
			);
			buildRules = (
			);
			dependencies = (
			);
			name = SideMenuCustom;
			productName = SideMenuCustom;
			productReference = E759966920BE7E700095F218 /* SideMenuCustom.app */;
			productType = "com.apple.product-type.application";
		};
/* End PBXNativeTarget section */

/* Begin PBXProject section */
		E759966120BE7E700095F218 /* Project object */ = {
			isa = PBXProject;
			attributes = {
				LastSwiftUpdateCheck = 0830;
				LastUpgradeCheck = 0830;
				ORGANIZATIONNAME = dept2;
				TargetAttributes = {
					E759966820BE7E700095F218 = {
						CreatedOnToolsVersion = 8.3.3;
						DevelopmentTeam = 6U2T56TY47;
						ProvisioningStyle = Automatic;
					};
				};
			};
			buildConfigurationList = E759966420BE7E700095F218 /* Build configuration list for PBXProject "SideMenuCustom" */;
			compatibilityVersion = "Xcode 3.2";
			developmentRegion = English;
			hasScannedForEncodings = 0;
			knownRegions = (
				en,
				Base,
			);
			mainGroup = E759966020BE7E700095F218;
			productRefGroup = E759966A20BE7E700095F218 /* Products */;
			projectDirPath = "";
			projectRoot = "";
			targets = (
				E759966820BE7E700095F218 /* SideMenuCustom */,
			);
		};
/* End PBXProject section */

/* Begin PBXResourcesBuildPhase section */
		E759966720BE7E700095F218 /* Resources */ = {
			isa = PBXResourcesBuildPhase;
			buildActionMask = 2147483647;
			files = (
				E759967720BE7E700095F218 /* LaunchScreen.storyboard in Resources */,
				E734924620BEB3A1003CA5FA /* SideMenuItemTableViewCell.xib in Resources */,
				E71D840820C8EE9E00BBBD65 /* Dogs.xcassets in Resources */,
				E71D840A20C8EE9E00BBBD65 /* Images.xcassets in Resources */,
				E759967220BE7E700095F218 /* Main.storyboard in Resources */,
				E71D840920C8EE9E00BBBD65 /* Cats.xcassets in Resources */,
			);
			runOnlyForDeploymentPostprocessing = 0;
		};
/* End PBXResourcesBuildPhase section */

/* Begin PBXSourcesBuildPhase section */
		E759966520BE7E700095F218 /* Sources */ = {
			isa = PBXSourcesBuildPhase;
			buildActionMask = 2147483647;
			files = (
				E759968020BE81FA0095F218 /* SideMenuView.swift in Sources */,
				E759966F20BE7E700095F218 /* ViewController.swift in Sources */,
				E71D840D20C8EFF600BBBD65 /* Extension.swift in Sources */,
				E734924420BE8AA8003CA5FA /* Value.swift in Sources */,
				E734924120BE88AE003CA5FA /* SideMenuItemTableViewCell.swift in Sources */,
				E71D840320C8E35F00BBBD65 /* SideMenuViewController.swift in Sources */,
				E759966D20BE7E700095F218 /* AppDelegate.swift in Sources */,
			);
			runOnlyForDeploymentPostprocessing = 0;
		};
/* End PBXSourcesBuildPhase section */

/* Begin PBXVariantGroup section */
		E759967020BE7E700095F218 /* Main.storyboard */ = {
			isa = PBXVariantGroup;
			children = (
				E759967120BE7E700095F218 /* Base */,
			);
			name = Main.storyboard;
			sourceTree = "<group>";
		};
		E759967520BE7E700095F218 /* LaunchScreen.storyboard */ = {
			isa = PBXVariantGroup;
			children = (
				E759967620BE7E700095F218 /* Base */,
			);
			name = LaunchScreen.storyboard;
			sourceTree = "<group>";
		};
/* End PBXVariantGroup section */

/* Begin XCBuildConfiguration section */
		E759967920BE7E700095F218 /* Debug */ = {
			isa = XCBuildConfiguration;
			buildSettings = {
				ALWAYS_SEARCH_USER_PATHS = NO;
				CLANG_ANALYZER_NONNULL = YES;
				CLANG_ANALYZER_NUMBER_OBJECT_CONVERSION = YES_AGGRESSIVE;
				CLANG_CXX_LANGUAGE_STANDARD = "gnu++0x";
				CLANG_CXX_LIBRARY = "libc++";
				CLANG_ENABLE_MODULES = YES;
				CLANG_ENABLE_OBJC_ARC = YES;
				CLANG_WARN_BOOL_CONVERSION = YES;
				CLANG_WARN_CONSTANT_CONVERSION = YES;
				CLANG_WARN_DIRECT_OBJC_ISA_USAGE = YES_ERROR;
				CLANG_WARN_DOCUMENTATION_COMMENTS = YES;
				CLANG_WARN_EMPTY_BODY = YES;
				CLANG_WARN_ENUM_CONVERSION = YES;
				CLANG_WARN_INFINITE_RECURSION = YES;
				CLANG_WARN_INT_CONVERSION = YES;
				CLANG_WARN_OBJC_ROOT_CLASS = YES_ERROR;
				CLANG_WARN_SUSPICIOUS_MOVE = YES;
				CLANG_WARN_UNREACHABLE_CODE = YES;
				CLANG_WARN__DUPLICATE_METHOD_MATCH = YES;
				"CODE_SIGN_IDENTITY[sdk=iphoneos*]" = "iPhone Developer";
				COPY_PHASE_STRIP = NO;
				DEBUG_INFORMATION_FORMAT = dwarf;
				ENABLE_STRICT_OBJC_MSGSEND = YES;
				ENABLE_TESTABILITY = YES;
				GCC_C_LANGUAGE_STANDARD = gnu99;
				GCC_DYNAMIC_NO_PIC = NO;
				GCC_NO_COMMON_BLOCKS = YES;
				GCC_OPTIMIZATION_LEVEL = 0;
				GCC_PREPROCESSOR_DEFINITIONS = (
					"DEBUG=1",
					"$(inherited)",
				);
				GCC_WARN_64_TO_32_BIT_CONVERSION = YES;
				GCC_WARN_ABOUT_RETURN_TYPE = YES_ERROR;
				GCC_WARN_UNDECLARED_SELECTOR = YES;
				GCC_WARN_UNINITIALIZED_AUTOS = YES_AGGRESSIVE;
				GCC_WARN_UNUSED_FUNCTION = YES;
				GCC_WARN_UNUSED_VARIABLE = YES;
				IPHONEOS_DEPLOYMENT_TARGET = 10.3;
				MTL_ENABLE_DEBUG_INFO = YES;
				ONLY_ACTIVE_ARCH = YES;
				SDKROOT = iphoneos;
				SWIFT_ACTIVE_COMPILATION_CONDITIONS = DEBUG;
				SWIFT_OPTIMIZATION_LEVEL = "-Onone";
			};
			name = Debug;
		};
		E759967A20BE7E700095F218 /* Release */ = {
			isa = XCBuildConfiguration;
			buildSettings = {
				ALWAYS_SEARCH_USER_PATHS = NO;
				CLANG_ANALYZER_NONNULL = YES;
				CLANG_ANALYZER_NUMBER_OBJECT_CONVERSION = YES_AGGRESSIVE;
				CLANG_CXX_LANGUAGE_STANDARD = "gnu++0x";
				CLANG_CXX_LIBRARY = "libc++";
				CLANG_ENABLE_MODULES = YES;
				CLANG_ENABLE_OBJC_ARC = YES;
				CLANG_WARN_BOOL_CONVERSION = YES;
				CLANG_WARN_CONSTANT_CONVERSION = YES;
				CLANG_WARN_DIRECT_OBJC_ISA_USAGE = YES_ERROR;
				CLANG_WARN_DOCUMENTATION_COMMENTS = YES;
				CLANG_WARN_EMPTY_BODY = YES;
				CLANG_WARN_ENUM_CONVERSION = YES;
				CLANG_WARN_INFINITE_RECURSION = YES;
				CLANG_WARN_INT_CONVERSION = YES;
				CLANG_WARN_OBJC_ROOT_CLASS = YES_ERROR;
				CLANG_WARN_SUSPICIOUS_MOVE = YES;
				CLANG_WARN_UNREACHABLE_CODE = YES;
				CLANG_WARN__DUPLICATE_METHOD_MATCH = YES;
				"CODE_SIGN_IDENTITY[sdk=iphoneos*]" = "iPhone Developer";
				COPY_PHASE_STRIP = NO;
				DEBUG_INFORMATION_FORMAT = "dwarf-with-dsym";
				ENABLE_NS_ASSERTIONS = NO;
				ENABLE_STRICT_OBJC_MSGSEND = YES;
				GCC_C_LANGUAGE_STANDARD = gnu99;
				GCC_NO_COMMON_BLOCKS = YES;
				GCC_WARN_64_TO_32_BIT_CONVERSION = YES;
				GCC_WARN_ABOUT_RETURN_TYPE = YES_ERROR;
				GCC_WARN_UNDECLARED_SELECTOR = YES;
				GCC_WARN_UNINITIALIZED_AUTOS = YES_AGGRESSIVE;
				GCC_WARN_UNUSED_FUNCTION = YES;
				GCC_WARN_UNUSED_VARIABLE = YES;
				IPHONEOS_DEPLOYMENT_TARGET = 10.3;
				MTL_ENABLE_DEBUG_INFO = NO;
				SDKROOT = iphoneos;
				SWIFT_OPTIMIZATION_LEVEL = "-Owholemodule";
				VALIDATE_PRODUCT = YES;
			};
			name = Release;
		};
		E759967C20BE7E700095F218 /* Debug */ = {
			isa = XCBuildConfiguration;
			buildSettings = {
				ASSETCATALOG_COMPILER_APPICON_NAME = AppIcon;
				DEVELOPMENT_TEAM = 6U2T56TY47;
				INFOPLIST_FILE = SideMenuCustom/Info.plist;
				LD_RUNPATH_SEARCH_PATHS = "$(inherited) @executable_path/Frameworks";
				PRODUCT_BUNDLE_IDENTIFIER = org.home.SideMenuCustom;
				PRODUCT_NAME = "$(TARGET_NAME)";
				SWIFT_VERSION = 3.0;
			};
			name = Debug;
		};
		E759967D20BE7E700095F218 /* Release */ = {
			isa = XCBuildConfiguration;
			buildSettings = {
				ASSETCATALOG_COMPILER_APPICON_NAME = AppIcon;
				DEVELOPMENT_TEAM = 6U2T56TY47;
				INFOPLIST_FILE = SideMenuCustom/Info.plist;
				LD_RUNPATH_SEARCH_PATHS = "$(inherited) @executable_path/Frameworks";
				PRODUCT_BUNDLE_IDENTIFIER = org.home.SideMenuCustom;
				PRODUCT_NAME = "$(TARGET_NAME)";
				SWIFT_VERSION = 3.0;
			};
			name = Release;
		};
/* End XCBuildConfiguration section */

/* Begin XCConfigurationList section */
		E759966420BE7E700095F218 /* Build configuration list for PBXProject "SideMenuCustom" */ = {
			isa = XCConfigurationList;
			buildConfigurations = (
				E759967920BE7E700095F218 /* Debug */,
				E759967A20BE7E700095F218 /* Release */,
			);
			defaultConfigurationIsVisible = 0;
			defaultConfigurationName = Release;
		};
		E759967B20BE7E700095F218 /* Build configuration list for PBXNativeTarget "SideMenuCustom" */ = {
			isa = XCConfigurationList;
			buildConfigurations = (
				E759967C20BE7E700095F218 /* Debug */,
				E759967D20BE7E700095F218 /* Release */,
			);
			defaultConfigurationIsVisible = 0;
			defaultConfigurationName = Release;
		};
/* End XCConfigurationList section */
	};
	rootObject = E759966120BE7E700095F218 /* Project object */;
}
