// !$*UTF8*$!
{
	archiveVersion = 1;
	classes = {
	};
	objectVersion = 48;
	objects = {

/* Begin PBXBuildFile section */
		9948E96811369C118B63BB22 /* Pods_FirebasePhoneVerification.framework in Frameworks */ = {isa = PBXBuildFile; fileRef = 0A33B089483CBD0372B310FE /* Pods_FirebasePhoneVerification.framework */; };
		E788BC0320CE58AE00C65074 /* AppDelegate.swift in Sources */ = {isa = PBXBuildFile; fileRef = E788BC0220CE58AE00C65074 /* AppDelegate.swift */; };
		E788BC0520CE58AE00C65074 /* ViewController.swift in Sources */ = {isa = PBXBuildFile; fileRef = E788BC0420CE58AE00C65074 /* ViewController.swift */; };
		E788BC0820CE58AE00C65074 /* Main.storyboard in Resources */ = {isa = PBXBuildFile; fileRef = E788BC0620CE58AE00C65074 /* Main.storyboard */; };
		E788BC0A20CE58AE00C65074 /* Assets.xcassets in Resources */ = {isa = PBXBuildFile; fileRef = E788BC0920CE58AE00C65074 /* Assets.xcassets */; };
		E788BC0D20CE58AE00C65074 /* LaunchScreen.storyboard in Resources */ = {isa = PBXBuildFile; fileRef = E788BC0B20CE58AE00C65074 /* LaunchScreen.storyboard */; };
		E7E6F8CF20CE812B00E5DC8F /* GoogleService-Info.plist in Resources */ = {isa = PBXBuildFile; fileRef = E7E6F8CE20CE812B00E5DC8F /* GoogleService-Info.plist */; };
/* End PBXBuildFile section */

/* Begin PBXFileReference section */
		0A33B089483CBD0372B310FE /* Pods_FirebasePhoneVerification.framework */ = {isa = PBXFileReference; explicitFileType = wrapper.framework; includeInIndex = 0; path = Pods_FirebasePhoneVerification.framework; sourceTree = BUILT_PRODUCTS_DIR; };
		7A3F52B59F7B0994EE02767C /* Pods-FirebasePhoneVerification.release.xcconfig */ = {isa = PBXFileReference; includeInIndex = 1; lastKnownFileType = text.xcconfig; name = "Pods-FirebasePhoneVerification.release.xcconfig"; path = "Pods/Target Support Files/Pods-FirebasePhoneVerification/Pods-FirebasePhoneVerification.release.xcconfig"; sourceTree = "<group>"; };
		D4E007F55B47F86B407476D6 /* Pods-FirebasePhoneVerification.debug.xcconfig */ = {isa = PBXFileReference; includeInIndex = 1; lastKnownFileType = text.xcconfig; name = "Pods-FirebasePhoneVerification.debug.xcconfig"; path = "Pods/Target Support Files/Pods-FirebasePhoneVerification/Pods-FirebasePhoneVerification.debug.xcconfig"; sourceTree = "<group>"; };
		E788BBFF20CE58AD00C65074 /* FirebasePhoneVerification.app */ = {isa = PBXFileReference; explicitFileType = wrapper.application; includeInIndex = 0; path = FirebasePhoneVerification.app; sourceTree = BUILT_PRODUCTS_DIR; };
		E788BC0220CE58AE00C65074 /* AppDelegate.swift */ = {isa = PBXFileReference; lastKnownFileType = sourcecode.swift; path = AppDelegate.swift; sourceTree = "<group>"; };
		E788BC0420CE58AE00C65074 /* ViewController.swift */ = {isa = PBXFileReference; lastKnownFileType = sourcecode.swift; path = ViewController.swift; sourceTree = "<group>"; };
		E788BC0720CE58AE00C65074 /* Base */ = {isa = PBXFileReference; lastKnownFileType = file.storyboard; name = Base; path = Base.lproj/Main.storyboard; sourceTree = "<group>"; };
		E788BC0920CE58AE00C65074 /* Assets.xcassets */ = {isa = PBXFileReference; lastKnownFileType = folder.assetcatalog; path = Assets.xcassets; sourceTree = "<group>"; };
		E788BC0C20CE58AE00C65074 /* Base */ = {isa = PBXFileReference; lastKnownFileType = file.storyboard; name = Base; path = Base.lproj/LaunchScreen.storyboard; sourceTree = "<group>"; };
		E788BC0E20CE58AE00C65074 /* Info.plist */ = {isa = PBXFileReference; lastKnownFileType = text.plist.xml; path = Info.plist; sourceTree = "<group>"; };
		E7E6F8CE20CE812B00E5DC8F /* GoogleService-Info.plist */ = {isa = PBXFileReference; fileEncoding = 4; lastKnownFileType = text.plist.xml; path = "GoogleService-Info.plist"; sourceTree = "<group>"; };
/* End PBXFileReference section */

/* Begin PBXFrameworksBuildPhase section */
		E788BBFC20CE58AD00C65074 /* Frameworks */ = {
			isa = PBXFrameworksBuildPhase;
			buildActionMask = 2147483647;
			files = (
				9948E96811369C118B63BB22 /* Pods_FirebasePhoneVerification.framework in Frameworks */,
			);
			runOnlyForDeploymentPostprocessing = 0;
		};
/* End PBXFrameworksBuildPhase section */

/* Begin PBXGroup section */
		61A87FD439A51BE7F4794F0C /* Pods */ = {
			isa = PBXGroup;
			children = (
				D4E007F55B47F86B407476D6 /* Pods-FirebasePhoneVerification.debug.xcconfig */,
				7A3F52B59F7B0994EE02767C /* Pods-FirebasePhoneVerification.release.xcconfig */,
			);
			name = Pods;
			sourceTree = "<group>";
		};
		D09B4DC32D4BB414C11BEA39 /* Frameworks */ = {
			isa = PBXGroup;
			children = (
				0A33B089483CBD0372B310FE /* Pods_FirebasePhoneVerification.framework */,
			);
			name = Frameworks;
			sourceTree = "<group>";
		};
		E788BBF620CE58AD00C65074 = {
			isa = PBXGroup;
			children = (
				E788BC0120CE58AD00C65074 /* FirebasePhoneVerification */,
				E788BC0020CE58AD00C65074 /* Products */,
				61A87FD439A51BE7F4794F0C /* Pods */,
				D09B4DC32D4BB414C11BEA39 /* Frameworks */,
			);
			sourceTree = "<group>";
		};
		E788BC0020CE58AD00C65074 /* Products */ = {
			isa = PBXGroup;
			children = (
				E788BBFF20CE58AD00C65074 /* FirebasePhoneVerification.app */,
			);
			name = Products;
			sourceTree = "<group>";
		};
		E788BC0120CE58AD00C65074 /* FirebasePhoneVerification */ = {
			isa = PBXGroup;
			children = (
				E7E6F8CE20CE812B00E5DC8F /* GoogleService-Info.plist */,
				E788BC0220CE58AE00C65074 /* AppDelegate.swift */,
				E788BC0420CE58AE00C65074 /* ViewController.swift */,
				E788BC0620CE58AE00C65074 /* Main.storyboard */,
				E788BC0920CE58AE00C65074 /* Assets.xcassets */,
				E788BC0B20CE58AE00C65074 /* LaunchScreen.storyboard */,
				E788BC0E20CE58AE00C65074 /* Info.plist */,
			);
			path = FirebasePhoneVerification;
			sourceTree = "<group>";
		};
/* End PBXGroup section */

/* Begin PBXNativeTarget section */
		E788BBFE20CE58AD00C65074 /* FirebasePhoneVerification */ = {
			isa = PBXNativeTarget;
			buildConfigurationList = E788BC1120CE58AE00C65074 /* Build configuration list for PBXNativeTarget "FirebasePhoneVerification" */;
			buildPhases = (
				3409B6F8CCB1EB56D8F03BDE /* [CP] Check Pods Manifest.lock */,
				E788BBFB20CE58AD00C65074 /* Sources */,
				E788BBFC20CE58AD00C65074 /* Frameworks */,
				E788BBFD20CE58AD00C65074 /* Resources */,
				9BE3F08B2133C3BB73229D2D /* [CP] Embed Pods Frameworks */,
				4A306FFB2225492D61273574 /* [CP] Copy Pods Resources */,
			);
			buildRules = (
			);
			dependencies = (
			);
			name = FirebasePhoneVerification;
			productName = FirebasePhoneVerification;
			productReference = E788BBFF20CE58AD00C65074 /* FirebasePhoneVerification.app */;
			productType = "com.apple.product-type.application";
		};
/* End PBXNativeTarget section */

/* Begin PBXProject section */
		E788BBF720CE58AD00C65074 /* Project object */ = {
			isa = PBXProject;
			attributes = {
				LastSwiftUpdateCheck = 0920;
				LastUpgradeCheck = 0920;
				ORGANIZATIONNAME = dept2;
				TargetAttributes = {
					E788BBFE20CE58AD00C65074 = {
						CreatedOnToolsVersion = 9.2;
						ProvisioningStyle = Automatic;
					};
				};
			};
			buildConfigurationList = E788BBFA20CE58AD00C65074 /* Build configuration list for PBXProject "FirebasePhoneVerification" */;
			compatibilityVersion = "Xcode 8.0";
			developmentRegion = en;
			hasScannedForEncodings = 0;
			knownRegions = (
				en,
				Base,
			);
			mainGroup = E788BBF620CE58AD00C65074;
			productRefGroup = E788BC0020CE58AD00C65074 /* Products */;
			projectDirPath = "";
			projectRoot = "";
			targets = (
				E788BBFE20CE58AD00C65074 /* FirebasePhoneVerification */,
			);
		};
/* End PBXProject section */

/* Begin PBXResourcesBuildPhase section */
		E788BBFD20CE58AD00C65074 /* Resources */ = {
			isa = PBXResourcesBuildPhase;
			buildActionMask = 2147483647;
			files = (
				E788BC0D20CE58AE00C65074 /* LaunchScreen.storyboard in Resources */,
				E7E6F8CF20CE812B00E5DC8F /* GoogleService-Info.plist in Resources */,
				E788BC0A20CE58AE00C65074 /* Assets.xcassets in Resources */,
				E788BC0820CE58AE00C65074 /* Main.storyboard in Resources */,
			);
			runOnlyForDeploymentPostprocessing = 0;
		};
/* End PBXResourcesBuildPhase section */

/* Begin PBXShellScriptBuildPhase section */
		3409B6F8CCB1EB56D8F03BDE /* [CP] Check Pods Manifest.lock */ = {
			isa = PBXShellScriptBuildPhase;
			buildActionMask = 2147483647;
			files = (
			);
			inputPaths = (
				"${PODS_PODFILE_DIR_PATH}/Podfile.lock",
				"${PODS_ROOT}/Manifest.lock",
			);
			name = "[CP] Check Pods Manifest.lock";
			outputPaths = (
				"$(DERIVED_FILE_DIR)/Pods-FirebasePhoneVerification-checkManifestLockResult.txt",
			);
			runOnlyForDeploymentPostprocessing = 0;
			shellPath = /bin/sh;
			shellScript = "diff \"${PODS_PODFILE_DIR_PATH}/Podfile.lock\" \"${PODS_ROOT}/Manifest.lock\" > /dev/null\nif [ $? != 0 ] ; then\n    # print error to STDERR\n    echo \"error: The sandbox is not in sync with the Podfile.lock. Run 'pod install' or update your CocoaPods installation.\" >&2\n    exit 1\nfi\n# This output is used by Xcode 'outputs' to avoid re-running this script phase.\necho \"SUCCESS\" > \"${SCRIPT_OUTPUT_FILE_0}\"\n";
			showEnvVarsInLog = 0;
		};
		4A306FFB2225492D61273574 /* [CP] Copy Pods Resources */ = {
			isa = PBXShellScriptBuildPhase;
			buildActionMask = 2147483647;
			files = (
			);
			inputPaths = (
				"${SRCROOT}/Pods/Target Support Files/Pods-FirebasePhoneVerification/Pods-FirebasePhoneVerification-resources.sh",
				"${PODS_CONFIGURATION_BUILD_DIR}/FirebaseUI/FirebaseAuthUI.bundle",
				"${PODS_CONFIGURATION_BUILD_DIR}/FirebaseUI/FirebaseFacebookAuthUI.bundle",
				"${PODS_CONFIGURATION_BUILD_DIR}/FirebaseUI/FirebaseGoogleAuthUI.bundle",
				"${PODS_CONFIGURATION_BUILD_DIR}/FirebaseUI/FirebasePhoneAuthUI.bundle",
				"${PODS_CONFIGURATION_BUILD_DIR}/FirebaseUI/FirebaseTwitterAuthUI.bundle",
				"${PODS_ROOT}/GoogleSignIn/Resources/GoogleSignIn.bundle",
				"${PODS_ROOT}/TwitterKit/iOS/TwitterKit.framework/TwitterKitResources.bundle",
				"${PODS_ROOT}/TwitterKit/iOS/TwitterKit.framework/TwitterShareExtensionUIResources.bundle",
			);
			name = "[CP] Copy Pods Resources";
			outputPaths = (
				"${TARGET_BUILD_DIR}/${UNLOCALIZED_RESOURCES_FOLDER_PATH}/FirebaseAuthUI.bundle",
				"${TARGET_BUILD_DIR}/${UNLOCALIZED_RESOURCES_FOLDER_PATH}/FirebaseFacebookAuthUI.bundle",
				"${TARGET_BUILD_DIR}/${UNLOCALIZED_RESOURCES_FOLDER_PATH}/FirebaseGoogleAuthUI.bundle",
				"${TARGET_BUILD_DIR}/${UNLOCALIZED_RESOURCES_FOLDER_PATH}/FirebasePhoneAuthUI.bundle",
				"${TARGET_BUILD_DIR}/${UNLOCALIZED_RESOURCES_FOLDER_PATH}/FirebaseTwitterAuthUI.bundle",
				"${TARGET_BUILD_DIR}/${UNLOCALIZED_RESOURCES_FOLDER_PATH}/GoogleSignIn.bundle",
				"${TARGET_BUILD_DIR}/${UNLOCALIZED_RESOURCES_FOLDER_PATH}/TwitterKitResources.bundle",
				"${TARGET_BUILD_DIR}/${UNLOCALIZED_RESOURCES_FOLDER_PATH}/TwitterShareExtensionUIResources.bundle",
			);
			runOnlyForDeploymentPostprocessing = 0;
			shellPath = /bin/sh;
			shellScript = "\"${SRCROOT}/Pods/Target Support Files/Pods-FirebasePhoneVerification/Pods-FirebasePhoneVerification-resources.sh\"\n";
			showEnvVarsInLog = 0;
		};
		9BE3F08B2133C3BB73229D2D /* [CP] Embed Pods Frameworks */ = {
			isa = PBXShellScriptBuildPhase;
			buildActionMask = 2147483647;
			files = (
			);
			inputPaths = (
				"${SRCROOT}/Pods/Target Support Files/Pods-FirebasePhoneVerification/Pods-FirebasePhoneVerification-frameworks.sh",
				"${BUILT_PRODUCTS_DIR}/Bolts/Bolts.framework",
				"${BUILT_PRODUCTS_DIR}/FBSDKCoreKit/FBSDKCoreKit.framework",
				"${BUILT_PRODUCTS_DIR}/FBSDKLoginKit/FBSDKLoginKit.framework",
				"${BUILT_PRODUCTS_DIR}/GTMOAuth2/GTMOAuth2.framework",
				"${BUILT_PRODUCTS_DIR}/GTMSessionFetcher/GTMSessionFetcher.framework",
				"${BUILT_PRODUCTS_DIR}/GoogleToolboxForMac/GoogleToolboxForMac.framework",
				"${BUILT_PRODUCTS_DIR}/SDWebImage/SDWebImage.framework",
				"${BUILT_PRODUCTS_DIR}/leveldb-library/leveldb.framework",
				"${BUILT_PRODUCTS_DIR}/nanopb/nanopb.framework",
			);
			name = "[CP] Embed Pods Frameworks";
			outputPaths = (
				"${TARGET_BUILD_DIR}/${FRAMEWORKS_FOLDER_PATH}/Bolts.framework",
				"${TARGET_BUILD_DIR}/${FRAMEWORKS_FOLDER_PATH}/FBSDKCoreKit.framework",
				"${TARGET_BUILD_DIR}/${FRAMEWORKS_FOLDER_PATH}/FBSDKLoginKit.framework",
				"${TARGET_BUILD_DIR}/${FRAMEWORKS_FOLDER_PATH}/GTMOAuth2.framework",
				"${TARGET_BUILD_DIR}/${FRAMEWORKS_FOLDER_PATH}/GTMSessionFetcher.framework",
				"${TARGET_BUILD_DIR}/${FRAMEWORKS_FOLDER_PATH}/GoogleToolboxForMac.framework",
				"${TARGET_BUILD_DIR}/${FRAMEWORKS_FOLDER_PATH}/SDWebImage.framework",
				"${TARGET_BUILD_DIR}/${FRAMEWORKS_FOLDER_PATH}/leveldb.framework",
				"${TARGET_BUILD_DIR}/${FRAMEWORKS_FOLDER_PATH}/nanopb.framework",
			);
			runOnlyForDeploymentPostprocessing = 0;
			shellPath = /bin/sh;
			shellScript = "\"${SRCROOT}/Pods/Target Support Files/Pods-FirebasePhoneVerification/Pods-FirebasePhoneVerification-frameworks.sh\"\n";
			showEnvVarsInLog = 0;
		};
/* End PBXShellScriptBuildPhase section */

/* Begin PBXSourcesBuildPhase section */
		E788BBFB20CE58AD00C65074 /* Sources */ = {
			isa = PBXSourcesBuildPhase;
			buildActionMask = 2147483647;
			files = (
				E788BC0520CE58AE00C65074 /* ViewController.swift in Sources */,
				E788BC0320CE58AE00C65074 /* AppDelegate.swift in Sources */,
			);
			runOnlyForDeploymentPostprocessing = 0;
		};
/* End PBXSourcesBuildPhase section */

/* Begin PBXVariantGroup section */
		E788BC0620CE58AE00C65074 /* Main.storyboard */ = {
			isa = PBXVariantGroup;
			children = (
				E788BC0720CE58AE00C65074 /* Base */,
			);
			name = Main.storyboard;
			sourceTree = "<group>";
		};
		E788BC0B20CE58AE00C65074 /* LaunchScreen.storyboard */ = {
			isa = PBXVariantGroup;
			children = (
				E788BC0C20CE58AE00C65074 /* Base */,
			);
			name = LaunchScreen.storyboard;
			sourceTree = "<group>";
		};
/* End PBXVariantGroup section */

/* Begin XCBuildConfiguration section */
		E788BC0F20CE58AE00C65074 /* Debug */ = {
			isa = XCBuildConfiguration;
			buildSettings = {
				ALWAYS_SEARCH_USER_PATHS = NO;
				CLANG_ANALYZER_NONNULL = YES;
				CLANG_ANALYZER_NUMBER_OBJECT_CONVERSION = YES_AGGRESSIVE;
				CLANG_CXX_LANGUAGE_STANDARD = "gnu++14";
				CLANG_CXX_LIBRARY = "libc++";
				CLANG_ENABLE_MODULES = YES;
				CLANG_ENABLE_OBJC_ARC = YES;
				CLANG_WARN_BLOCK_CAPTURE_AUTORELEASING = YES;
				CLANG_WARN_BOOL_CONVERSION = YES;
				CLANG_WARN_COMMA = YES;
				CLANG_WARN_CONSTANT_CONVERSION = YES;
				CLANG_WARN_DIRECT_OBJC_ISA_USAGE = YES_ERROR;
				CLANG_WARN_DOCUMENTATION_COMMENTS = YES;
				CLANG_WARN_EMPTY_BODY = YES;
				CLANG_WARN_ENUM_CONVERSION = YES;
				CLANG_WARN_INFINITE_RECURSION = YES;
				CLANG_WARN_INT_CONVERSION = YES;
				CLANG_WARN_NON_LITERAL_NULL_CONVERSION = YES;
				CLANG_WARN_OBJC_LITERAL_CONVERSION = YES;
				CLANG_WARN_OBJC_ROOT_CLASS = YES_ERROR;
				CLANG_WARN_RANGE_LOOP_ANALYSIS = YES;
				CLANG_WARN_STRICT_PROTOTYPES = YES;
				CLANG_WARN_SUSPICIOUS_MOVE = YES;
				CLANG_WARN_UNGUARDED_AVAILABILITY = YES_AGGRESSIVE;
				CLANG_WARN_UNREACHABLE_CODE = YES;
				CLANG_WARN__DUPLICATE_METHOD_MATCH = YES;
				CODE_SIGN_IDENTITY = "iPhone Developer";
				COPY_PHASE_STRIP = NO;
				DEBUG_INFORMATION_FORMAT = dwarf;
				ENABLE_STRICT_OBJC_MSGSEND = YES;
				ENABLE_TESTABILITY = YES;
				GCC_C_LANGUAGE_STANDARD = gnu11;
				GCC_DYNAMIC_NO_PIC = NO;
				GCC_NO_COMMON_BLOCKS = YES;
				GCC_OPTIMIZATION_LEVEL = 0;
				GCC_PREPROCESSOR_DEFINITIONS = (
					"DEBUG=1",
					"$(inherited)",
				);
				GCC_WARN_64_TO_32_BIT_CONVERSION = YES;
				GCC_WARN_ABOUT_RETURN_TYPE = YES_ERROR;
				GCC_WARN_UNDECLARED_SELECTOR = YES;
				GCC_WARN_UNINITIALIZED_AUTOS = YES_AGGRESSIVE;
				GCC_WARN_UNUSED_FUNCTION = YES;
				GCC_WARN_UNUSED_VARIABLE = YES;
				IPHONEOS_DEPLOYMENT_TARGET = 11.2;
				MTL_ENABLE_DEBUG_INFO = YES;
				ONLY_ACTIVE_ARCH = YES;
				SDKROOT = iphoneos;
				SWIFT_ACTIVE_COMPILATION_CONDITIONS = DEBUG;
				SWIFT_OPTIMIZATION_LEVEL = "-Onone";
			};
			name = Debug;
		};
		E788BC1020CE58AE00C65074 /* Release */ = {
			isa = XCBuildConfiguration;
			buildSettings = {
				ALWAYS_SEARCH_USER_PATHS = NO;
				CLANG_ANALYZER_NONNULL = YES;
				CLANG_ANALYZER_NUMBER_OBJECT_CONVERSION = YES_AGGRESSIVE;
				CLANG_CXX_LANGUAGE_STANDARD = "gnu++14";
				CLANG_CXX_LIBRARY = "libc++";
				CLANG_ENABLE_MODULES = YES;
				CLANG_ENABLE_OBJC_ARC = YES;
				CLANG_WARN_BLOCK_CAPTURE_AUTORELEASING = YES;
				CLANG_WARN_BOOL_CONVERSION = YES;
				CLANG_WARN_COMMA = YES;
				CLANG_WARN_CONSTANT_CONVERSION = YES;
				CLANG_WARN_DIRECT_OBJC_ISA_USAGE = YES_ERROR;
				CLANG_WARN_DOCUMENTATION_COMMENTS = YES;
				CLANG_WARN_EMPTY_BODY = YES;
				CLANG_WARN_ENUM_CONVERSION = YES;
				CLANG_WARN_INFINITE_RECURSION = YES;
				CLANG_WARN_INT_CONVERSION = YES;
				CLANG_WARN_NON_LITERAL_NULL_CONVERSION = YES;
				CLANG_WARN_OBJC_LITERAL_CONVERSION = YES;
				CLANG_WARN_OBJC_ROOT_CLASS = YES_ERROR;
				CLANG_WARN_RANGE_LOOP_ANALYSIS = YES;
				CLANG_WARN_STRICT_PROTOTYPES = YES;
				CLANG_WARN_SUSPICIOUS_MOVE = YES;
				CLANG_WARN_UNGUARDED_AVAILABILITY = YES_AGGRESSIVE;
				CLANG_WARN_UNREACHABLE_CODE = YES;
				CLANG_WARN__DUPLICATE_METHOD_MATCH = YES;
				CODE_SIGN_IDENTITY = "iPhone Developer";
				COPY_PHASE_STRIP = NO;
				DEBUG_INFORMATION_FORMAT = "dwarf-with-dsym";
				ENABLE_NS_ASSERTIONS = NO;
				ENABLE_STRICT_OBJC_MSGSEND = YES;
				GCC_C_LANGUAGE_STANDARD = gnu11;
				GCC_NO_COMMON_BLOCKS = YES;
				GCC_WARN_64_TO_32_BIT_CONVERSION = YES;
				GCC_WARN_ABOUT_RETURN_TYPE = YES_ERROR;
				GCC_WARN_UNDECLARED_SELECTOR = YES;
				GCC_WARN_UNINITIALIZED_AUTOS = YES_AGGRESSIVE;
				GCC_WARN_UNUSED_FUNCTION = YES;
				GCC_WARN_UNUSED_VARIABLE = YES;
				IPHONEOS_DEPLOYMENT_TARGET = 11.2;
				MTL_ENABLE_DEBUG_INFO = NO;
				SDKROOT = iphoneos;
				SWIFT_OPTIMIZATION_LEVEL = "-Owholemodule";
				VALIDATE_PRODUCT = YES;
			};
			name = Release;
		};
		E788BC1220CE58AE00C65074 /* Debug */ = {
			isa = XCBuildConfiguration;
			baseConfigurationReference = D4E007F55B47F86B407476D6 /* Pods-FirebasePhoneVerification.debug.xcconfig */;
			buildSettings = {
				ASSETCATALOG_COMPILER_APPICON_NAME = AppIcon;
				CODE_SIGN_STYLE = Automatic;
				DEVELOPMENT_TEAM = 6U2T56TY47;
				INFOPLIST_FILE = FirebasePhoneVerification/Info.plist;
				IPHONEOS_DEPLOYMENT_TARGET = 10.3;
				LD_RUNPATH_SEARCH_PATHS = "$(inherited) @executable_path/Frameworks";
				PRODUCT_BUNDLE_IDENTIFIER = org.home.FirebasePhoneVerification;
				PRODUCT_NAME = "$(TARGET_NAME)";
				SWIFT_VERSION = 4.0;
				TARGETED_DEVICE_FAMILY = "1,2";
			};
			name = Debug;
		};
		E788BC1320CE58AE00C65074 /* Release */ = {
			isa = XCBuildConfiguration;
			baseConfigurationReference = 7A3F52B59F7B0994EE02767C /* Pods-FirebasePhoneVerification.release.xcconfig */;
			buildSettings = {
				ASSETCATALOG_COMPILER_APPICON_NAME = AppIcon;
				CODE_SIGN_STYLE = Automatic;
				DEVELOPMENT_TEAM = 6U2T56TY47;
				INFOPLIST_FILE = FirebasePhoneVerification/Info.plist;
				IPHONEOS_DEPLOYMENT_TARGET = 10.3;
				LD_RUNPATH_SEARCH_PATHS = "$(inherited) @executable_path/Frameworks";
				PRODUCT_BUNDLE_IDENTIFIER = org.home.FirebasePhoneVerification;
				PRODUCT_NAME = "$(TARGET_NAME)";
				SWIFT_VERSION = 4.0;
				TARGETED_DEVICE_FAMILY = "1,2";
			};
			name = Release;
		};
/* End XCBuildConfiguration section */

/* Begin XCConfigurationList section */
		E788BBFA20CE58AD00C65074 /* Build configuration list for PBXProject "FirebasePhoneVerification" */ = {
			isa = XCConfigurationList;
			buildConfigurations = (
				E788BC0F20CE58AE00C65074 /* Debug */,
				E788BC1020CE58AE00C65074 /* Release */,
			);
			defaultConfigurationIsVisible = 0;
			defaultConfigurationName = Release;
		};
		E788BC1120CE58AE00C65074 /* Build configuration list for PBXNativeTarget "FirebasePhoneVerification" */ = {
			isa = XCConfigurationList;
			buildConfigurations = (
				E788BC1220CE58AE00C65074 /* Debug */,
				E788BC1320CE58AE00C65074 /* Release */,
			);
			defaultConfigurationIsVisible = 0;
			defaultConfigurationName = Release;
		};
/* End XCConfigurationList section */
	};
	rootObject = E788BBF720CE58AD00C65074 /* Project object */;
}
