// !$*UTF8*$!
{
	archiveVersion = 1;
	classes = {
	};
	objectVersion = 46;
	objects = {

/* Begin PBXBuildFile section */
		E779031B20D8C151004C1746 /* AppDelegate.swift in Sources */ = {isa = PBXBuildFile; fileRef = E779031A20D8C151004C1746 /* AppDelegate.swift */; };
		E779031D20D8C151004C1746 /* ViewController.swift in Sources */ = {isa = PBXBuildFile; fileRef = E779031C20D8C151004C1746 /* ViewController.swift */; };
		E779032020D8C151004C1746 /* Main.storyboard in Resources */ = {isa = PBXBuildFile; fileRef = E779031E20D8C151004C1746 /* Main.storyboard */; };
		E779032220D8C151004C1746 /* Assets.xcassets in Resources */ = {isa = PBXBuildFile; fileRef = E779032120D8C151004C1746 /* Assets.xcassets */; };
		E779032520D8C151004C1746 /* LaunchScreen.storyboard in Resources */ = {isa = PBXBuildFile; fileRef = E779032320D8C151004C1746 /* LaunchScreen.storyboard */; };
/* End PBXBuildFile section */

/* Begin PBXFileReference section */
		E779031720D8C151004C1746 /* TabBarBasic.app */ = {isa = PBXFileReference; explicitFileType = wrapper.application; includeInIndex = 0; path = TabBarBasic.app; sourceTree = BUILT_PRODUCTS_DIR; };
		E779031A20D8C151004C1746 /* AppDelegate.swift */ = {isa = PBXFileReference; lastKnownFileType = sourcecode.swift; path = AppDelegate.swift; sourceTree = "<group>"; };
		E779031C20D8C151004C1746 /* ViewController.swift */ = {isa = PBXFileReference; lastKnownFileType = sourcecode.swift; path = ViewController.swift; sourceTree = "<group>"; };
		E779031F20D8C151004C1746 /* Base */ = {isa = PBXFileReference; lastKnownFileType = file.storyboard; name = Base; path = Base.lproj/Main.storyboard; sourceTree = "<group>"; };
		E779032120D8C151004C1746 /* Assets.xcassets */ = {isa = PBXFileReference; lastKnownFileType = folder.assetcatalog; path = Assets.xcassets; sourceTree = "<group>"; };
		E779032420D8C151004C1746 /* Base */ = {isa = PBXFileReference; lastKnownFileType = file.storyboard; name = Base; path = Base.lproj/LaunchScreen.storyboard; sourceTree = "<group>"; };
		E779032620D8C151004C1746 /* Info.plist */ = {isa = PBXFileReference; lastKnownFileType = text.plist.xml; path = Info.plist; sourceTree = "<group>"; };
/* End PBXFileReference section */

/* Begin PBXFrameworksBuildPhase section */
		E779031420D8C151004C1746 /* Frameworks */ = {
			isa = PBXFrameworksBuildPhase;
			buildActionMask = 2147483647;
			files = (
			);
			runOnlyForDeploymentPostprocessing = 0;
		};
/* End PBXFrameworksBuildPhase section */

/* Begin PBXGroup section */
		E779030E20D8C150004C1746 = {
			isa = PBXGroup;
			children = (
				E779031920D8C151004C1746 /* TabBarBasic */,
				E779031820D8C151004C1746 /* Products */,
			);
			sourceTree = "<group>";
		};
		E779031820D8C151004C1746 /* Products */ = {
			isa = PBXGroup;
			children = (
				E779031720D8C151004C1746 /* TabBarBasic.app */,
			);
			name = Products;
			sourceTree = "<group>";
		};
		E779031920D8C151004C1746 /* TabBarBasic */ = {
			isa = PBXGroup;
			children = (
				E779031A20D8C151004C1746 /* AppDelegate.swift */,
				E779031C20D8C151004C1746 /* ViewController.swift */,
				E779031E20D8C151004C1746 /* Main.storyboard */,
				E779032120D8C151004C1746 /* Assets.xcassets */,
				E779032320D8C151004C1746 /* LaunchScreen.storyboard */,
				E779032620D8C151004C1746 /* Info.plist */,
			);
			path = TabBarBasic;
			sourceTree = "<group>";
		};
/* End PBXGroup section */

/* Begin PBXNativeTarget section */
		E779031620D8C151004C1746 /* TabBarBasic */ = {
			isa = PBXNativeTarget;
			buildConfigurationList = E779032920D8C151004C1746 /* Build configuration list for PBXNativeTarget "TabBarBasic" */;
			buildPhases = (
				E779031320D8C151004C1746 /* Sources */,
				E779031420D8C151004C1746 /* Frameworks */,
				E779031520D8C151004C1746 /* Resources */,
			);
			buildRules = (
			);
			dependencies = (
			);
			name = TabBarBasic;
			productName = TabBarBasic;
			productReference = E779031720D8C151004C1746 /* TabBarBasic.app */;
			productType = "com.apple.product-type.application";
		};
/* End PBXNativeTarget section */

/* Begin PBXProject section */
		E779030F20D8C150004C1746 /* Project object */ = {
			isa = PBXProject;
			attributes = {
				LastSwiftUpdateCheck = 0830;
				LastUpgradeCheck = 0830;
				ORGANIZATIONNAME = dept2;
				TargetAttributes = {
					E779031620D8C151004C1746 = {
						CreatedOnToolsVersion = 8.3.3;
						DevelopmentTeam = 6U2T56TY47;
						ProvisioningStyle = Automatic;
					};
				};
			};
			buildConfigurationList = E779031220D8C151004C1746 /* Build configuration list for PBXProject "TabBarBasic" */;
			compatibilityVersion = "Xcode 3.2";
			developmentRegion = English;
			hasScannedForEncodings = 0;
			knownRegions = (
				en,
				Base,
			);
			mainGroup = E779030E20D8C150004C1746;
			productRefGroup = E779031820D8C151004C1746 /* Products */;
			projectDirPath = "";
			projectRoot = "";
			targets = (
				E779031620D8C151004C1746 /* TabBarBasic */,
			);
		};
/* End PBXProject section */

/* Begin PBXResourcesBuildPhase section */
		E779031520D8C151004C1746 /* Resources */ = {
			isa = PBXResourcesBuildPhase;
			buildActionMask = 2147483647;
			files = (
				E779032520D8C151004C1746 /* LaunchScreen.storyboard in Resources */,
				E779032220D8C151004C1746 /* Assets.xcassets in Resources */,
				E779032020D8C151004C1746 /* Main.storyboard in Resources */,
			);
			runOnlyForDeploymentPostprocessing = 0;
		};
/* End PBXResourcesBuildPhase section */

/* Begin PBXSourcesBuildPhase section */
		E779031320D8C151004C1746 /* Sources */ = {
			isa = PBXSourcesBuildPhase;
			buildActionMask = 2147483647;
			files = (
				E779031D20D8C151004C1746 /* ViewController.swift in Sources */,
				E779031B20D8C151004C1746 /* AppDelegate.swift in Sources */,
			);
			runOnlyForDeploymentPostprocessing = 0;
		};
/* End PBXSourcesBuildPhase section */

/* Begin PBXVariantGroup section */
		E779031E20D8C151004C1746 /* Main.storyboard */ = {
			isa = PBXVariantGroup;
			children = (
				E779031F20D8C151004C1746 /* Base */,
			);
			name = Main.storyboard;
			sourceTree = "<group>";
		};
		E779032320D8C151004C1746 /* LaunchScreen.storyboard */ = {
			isa = PBXVariantGroup;
			children = (
				E779032420D8C151004C1746 /* Base */,
			);
			name = LaunchScreen.storyboard;
			sourceTree = "<group>";
		};
/* End PBXVariantGroup section */

/* Begin XCBuildConfiguration section */
		E779032720D8C151004C1746 /* Debug */ = {
			isa = XCBuildConfiguration;
			buildSettings = {
				ALWAYS_SEARCH_USER_PATHS = NO;
				CLANG_ANALYZER_NONNULL = YES;
				CLANG_ANALYZER_NUMBER_OBJECT_CONVERSION = YES_AGGRESSIVE;
				CLANG_CXX_LANGUAGE_STANDARD = "gnu++0x";
				CLANG_CXX_LIBRARY = "libc++";
				CLANG_ENABLE_MODULES = YES;
				CLANG_ENABLE_OBJC_ARC = YES;
				CLANG_WARN_BOOL_CONVERSION = YES;
				CLANG_WARN_CONSTANT_CONVERSION = YES;
				CLANG_WARN_DIRECT_OBJC_ISA_USAGE = YES_ERROR;
				CLANG_WARN_DOCUMENTATION_COMMENTS = YES;
				CLANG_WARN_EMPTY_BODY = YES;
				CLANG_WARN_ENUM_CONVERSION = YES;
				CLANG_WARN_INFINITE_RECURSION = YES;
				CLANG_WARN_INT_CONVERSION = YES;
				CLANG_WARN_OBJC_ROOT_CLASS = YES_ERROR;
				CLANG_WARN_SUSPICIOUS_MOVE = YES;
				CLANG_WARN_UNREACHABLE_CODE = YES;
				CLANG_WARN__DUPLICATE_METHOD_MATCH = YES;
				"CODE_SIGN_IDENTITY[sdk=iphoneos*]" = "iPhone Developer";
				COPY_PHASE_STRIP = NO;
				DEBUG_INFORMATION_FORMAT = dwarf;
				ENABLE_STRICT_OBJC_MSGSEND = YES;
				ENABLE_TESTABILITY = YES;
				GCC_C_LANGUAGE_STANDARD = gnu99;
				GCC_DYNAMIC_NO_PIC = NO;
				GCC_NO_COMMON_BLOCKS = YES;
				GCC_OPTIMIZATION_LEVEL = 0;
				GCC_PREPROCESSOR_DEFINITIONS = (
					"DEBUG=1",
					"$(inherited)",
				);
				GCC_WARN_64_TO_32_BIT_CONVERSION = YES;
				GCC_WARN_ABOUT_RETURN_TYPE = YES_ERROR;
				GCC_WARN_UNDECLARED_SELECTOR = YES;
				GCC_WARN_UNINITIALIZED_AUTOS = YES_AGGRESSIVE;
				GCC_WARN_UNUSED_FUNCTION = YES;
				GCC_WARN_UNUSED_VARIABLE = YES;
				IPHONEOS_DEPLOYMENT_TARGET = 10.3;
				MTL_ENABLE_DEBUG_INFO = YES;
				ONLY_ACTIVE_ARCH = YES;
				SDKROOT = iphoneos;
				SWIFT_ACTIVE_COMPILATION_CONDITIONS = DEBUG;
				SWIFT_OPTIMIZATION_LEVEL = "-Onone";
			};
			name = Debug;
		};
		E779032820D8C151004C1746 /* Release */ = {
			isa = XCBuildConfiguration;
			buildSettings = {
				ALWAYS_SEARCH_USER_PATHS = NO;
				CLANG_ANALYZER_NONNULL = YES;
				CLANG_ANALYZER_NUMBER_OBJECT_CONVERSION = YES_AGGRESSIVE;
				CLANG_CXX_LANGUAGE_STANDARD = "gnu++0x";
				CLANG_CXX_LIBRARY = "libc++";
				CLANG_ENABLE_MODULES = YES;
				CLANG_ENABLE_OBJC_ARC = YES;
				CLANG_WARN_BOOL_CONVERSION = YES;
				CLANG_WARN_CONSTANT_CONVERSION = YES;
				CLANG_WARN_DIRECT_OBJC_ISA_USAGE = YES_ERROR;
				CLANG_WARN_DOCUMENTATION_COMMENTS = YES;
				CLANG_WARN_EMPTY_BODY = YES;
				CLANG_WARN_ENUM_CONVERSION = YES;
				CLANG_WARN_INFINITE_RECURSION = YES;
				CLANG_WARN_INT_CONVERSION = YES;
				CLANG_WARN_OBJC_ROOT_CLASS = YES_ERROR;
				CLANG_WARN_SUSPICIOUS_MOVE = YES;
				CLANG_WARN_UNREACHABLE_CODE = YES;
				CLANG_WARN__DUPLICATE_METHOD_MATCH = YES;
				"CODE_SIGN_IDENTITY[sdk=iphoneos*]" = "iPhone Developer";
				COPY_PHASE_STRIP = NO;
				DEBUG_INFORMATION_FORMAT = "dwarf-with-dsym";
				ENABLE_NS_ASSERTIONS = NO;
				ENABLE_STRICT_OBJC_MSGSEND = YES;
				GCC_C_LANGUAGE_STANDARD = gnu99;
				GCC_NO_COMMON_BLOCKS = YES;
				GCC_WARN_64_TO_32_BIT_CONVERSION = YES;
				GCC_WARN_ABOUT_RETURN_TYPE = YES_ERROR;
				GCC_WARN_UNDECLARED_SELECTOR = YES;
				GCC_WARN_UNINITIALIZED_AUTOS = YES_AGGRESSIVE;
				GCC_WARN_UNUSED_FUNCTION = YES;
				GCC_WARN_UNUSED_VARIABLE = YES;
				IPHONEOS_DEPLOYMENT_TARGET = 10.3;
				MTL_ENABLE_DEBUG_INFO = NO;
				SDKROOT = iphoneos;
				SWIFT_OPTIMIZATION_LEVEL = "-Owholemodule";
				VALIDATE_PRODUCT = YES;
			};
			name = Release;
		};
		E779032A20D8C151004C1746 /* Debug */ = {
			isa = XCBuildConfiguration;
			buildSettings = {
				ASSETCATALOG_COMPILER_APPICON_NAME = AppIcon;
				DEVELOPMENT_TEAM = 6U2T56TY47;
				INFOPLIST_FILE = TabBarBasic/Info.plist;
				LD_RUNPATH_SEARCH_PATHS = "$(inherited) @executable_path/Frameworks";
				PRODUCT_BUNDLE_IDENTIFIER = org.home.TabBarBasic;
				PRODUCT_NAME = "$(TARGET_NAME)";
				SWIFT_VERSION = 3.0;
			};
			name = Debug;
		};
		E779032B20D8C151004C1746 /* Release */ = {
			isa = XCBuildConfiguration;
			buildSettings = {
				ASSETCATALOG_COMPILER_APPICON_NAME = AppIcon;
				DEVELOPMENT_TEAM = 6U2T56TY47;
				INFOPLIST_FILE = TabBarBasic/Info.plist;
				LD_RUNPATH_SEARCH_PATHS = "$(inherited) @executable_path/Frameworks";
				PRODUCT_BUNDLE_IDENTIFIER = org.home.TabBarBasic;
				PRODUCT_NAME = "$(TARGET_NAME)";
				SWIFT_VERSION = 3.0;
			};
			name = Release;
		};
/* End XCBuildConfiguration section */

/* Begin XCConfigurationList section */
		E779031220D8C151004C1746 /* Build configuration list for PBXProject "TabBarBasic" */ = {
			isa = XCConfigurationList;
			buildConfigurations = (
				E779032720D8C151004C1746 /* Debug */,
				E779032820D8C151004C1746 /* Release */,
			);
			defaultConfigurationIsVisible = 0;
			defaultConfigurationName = Release;
		};
		E779032920D8C151004C1746 /* Build configuration list for PBXNativeTarget "TabBarBasic" */ = {
			isa = XCConfigurationList;
			buildConfigurations = (
				E779032A20D8C151004C1746 /* Debug */,
				E779032B20D8C151004C1746 /* Release */,
			);
			defaultConfigurationIsVisible = 0;
		};
/* End XCConfigurationList section */
	};
	rootObject = E779030F20D8C150004C1746 /* Project object */;
}
